
Microsoft Visual Studio Solution File, Format Version 12.00
# Visual Studio 15
VisualStudioVersion = 15.0.27130.2010
MinimumVisualStudioVersion = 10.0.40219.1
Project("{FAE04EC0-301F-11D3-BF4B-00C04F79EFBC}") = "OREventApp.Android", "OREventApp\OREventApp.Android\OREventApp.Android.csproj", "{C14BFE54-A179-431E-8044-EF20382B7064}"
EndProject
Project("{FAE04EC0-301F-11D3-BF4B-00C04F79EFBC}") = "OREventApp", "OREventApp\OREventApp\OREventApp.csproj", "{5D525D53-28F4-4860-9E76-BD2B306B2337}"
EndProject
Global
	GlobalSection(SolutionConfigurationPlatforms) = preSolution
		Debug|Any CPU = Debug|Any CPU
		Release|Any CPU = Release|Any CPU
	EndGlobalSection
	GlobalSection(ProjectConfigurationPlatforms) = postSolution
		{C14BFE54-A179-431E-8044-EF20382B7064}.Debug|Any CPU.ActiveCfg = Debug|Any CPU
		{C14BFE54-A179-431E-8044-EF20382B7064}.Debug|Any CPU.Build.0 = Debug|Any CPU
		{C14BFE54-A179-431E-8044-EF20382B7064}.Debug|Any CPU.Deploy.0 = Debug|Any CPU
		{C14BFE54-A179-431E-8044-EF20382B7064}.Release|Any CPU.ActiveCfg = Release|Any CPU
		{C14BFE54-A179-431E-8044-EF20382B7064}.Release|Any CPU.Build.0 = Release|Any CPU
		{C14BFE54-A179-431E-8044-EF20382B7064}.Release|Any CPU.Deploy.0 = Release|Any CPU
		{5D525D53-28F4-4860-9E76-BD2B306B2337}.Debug|Any CPU.ActiveCfg = Debug|Any CPU
		{5D525D53-28F4-4860-9E76-BD2B306B2337}.Debug|Any CPU.Build.0 = Debug|Any CPU
		{5D525D53-28F4-4860-9E76-BD2B306B2337}.Release|Any CPU.ActiveCfg = Release|Any CPU
		{5D525D53-28F4-4860-9E76-BD2B306B2337}.Release|Any CPU.Build.0 = Release|Any CPU
	EndGlobalSection
	GlobalSection(SolutionProperties) = preSolution
		HideSolutionNode = FALSE
	EndGlobalSection
	GlobalSection(ExtensibilityGlobals) = postSolution
		SolutionGuid = {D7FD3CCD-305F-45F9-8BE2-0A0A0AFA5537}
	EndGlobalSection
EndGlobal
